
Microsoft Visual Studio Solution File, Format Version 12.00
# Visual Studio Version 16
VisualStudioVersion = 16.0.29306.81
MinimumVisualStudioVersion = 10.0.40219.1
Project("{FAE04EC0-301F-11D3-BF4B-00C04F79EFBC}") = "EventsExploration", "EventsExploration.csproj", "{B6922C7E-8734-4871-9A49-545D4141CBFA}"
EndProject
Global
	GlobalSection(SolutionConfigurationPlatforms) = preSolution
		Debug|Any CPU = Debug|Any CPU
		Release|Any CPU = Release|Any CPU
	EndGlobalSection
	GlobalSection(ProjectConfigurationPlatforms) = postSolution
		{B6922C7E-8734-4871-9A49-545D4141CBFA}.Debug|Any CPU.ActiveCfg = Debug|Any CPU
		{B6922C7E-8734-4871-9A49-545D4141CBFA}.Debug|Any CPU.Build.0 = Debug|Any CPU
		{B6922C7E-8734-4871-9A49-545D4141CBFA}.Release|Any CPU.ActiveCfg = Release|Any CPU
		{B6922C7E-8734-4871-9A49-545D4141CBFA}.Release|Any CPU.Build.0 = Release|Any CPU
	EndGlobalSection
	GlobalSection(SolutionProperties) = preSolution
		HideSolutionNode = FALSE
	EndGlobalSection
	GlobalSection(ExtensibilityGlobals) = postSolution
		SolutionGuid = {3561AB8D-2EDC-4ACE-8B74-F4757B3F796B}
	EndGlobalSection
EndGlobal
